
Microsoft Visual Studio Solution File, Format Version 12.00
# Visual Studio Version 17
VisualStudioVersion = 17.0.31903.59
MinimumVisualStudioVersion = 10.0.40219.1
Project("{2150E333-8FDC-42A3-9474-1A3956D46DE8}") = "src", "src", "{827E0CD3-B72D-47B6-A68D-7590B98EB39B}"
EndProject
Project("{FAE04EC0-301F-11D3-BF4B-00C04F79EFBC}") = "WhenTheBlog.Api", "src\WhenTheBlog.Api\WhenTheBlog.Api.csproj", "{0610391D-43C3-48B9-A3A6-8CB57E923563}"
EndProject
Project("{FAE04EC0-301F-11D3-BF4B-00C04F79EFBC}") = "WhenTheBlog.Application", "src\WhenTheBlog.Application\WhenTheBlog.Application.csproj", "{6EF33276-32AA-4A10-A0DC-CF0795042775}"
EndProject
Project("{FAE04EC0-301F-11D3-BF4B-00C04F79EFBC}") = "WhenTheBlog.Domain", "src\WhenTheBlog.Domain\WhenTheBlog.Domain.csproj", "{44748026-C941-41CA-BFE5-935157F88471}"
EndProject
Project("{FAE04EC0-301F-11D3-BF4B-00C04F79EFBC}") = "WhenTheBlog.Infrastructure", "src\WhenTheBlog.Infrastructure\WhenTheBlog.Infrastructure.csproj", "{C92102B0-01A1-4615-BE8F-58A7E96E4BB0}"
EndProject
Global
	GlobalSection(SolutionConfigurationPlatforms) = preSolution
		Debug|Any CPU = Debug|Any CPU
		Debug|x64 = Debug|x64
		Debug|x86 = Debug|x86
		Release|Any CPU = Release|Any CPU
		Release|x64 = Release|x64
		Release|x86 = Release|x86
	EndGlobalSection
	GlobalSection(ProjectConfigurationPlatforms) = postSolution
		{0610391D-43C3-48B9-A3A6-8CB57E923563}.Debug|Any CPU.ActiveCfg = Debug|Any CPU
		{0610391D-43C3-48B9-A3A6-8CB57E923563}.Debug|Any CPU.Build.0 = Debug|Any CPU
		{0610391D-43C3-48B9-A3A6-8CB57E923563}.Debug|x64.ActiveCfg = Debug|Any CPU
		{0610391D-43C3-48B9-A3A6-8CB57E923563}.Debug|x64.Build.0 = Debug|Any CPU
		{0610391D-43C3-48B9-A3A6-8CB57E923563}.Debug|x86.ActiveCfg = Debug|Any CPU
		{0610391D-43C3-48B9-A3A6-8CB57E923563}.Debug|x86.Build.0 = Debug|Any CPU
		{0610391D-43C3-48B9-A3A6-8CB57E923563}.Release|Any CPU.ActiveCfg = Release|Any CPU
		{0610391D-43C3-48B9-A3A6-8CB57E923563}.Release|Any CPU.Build.0 = Release|Any CPU
		{0610391D-43C3-48B9-A3A6-8CB57E923563}.Release|x64.ActiveCfg = Release|Any CPU
		{0610391D-43C3-48B9-A3A6-8CB57E923563}.Release|x64.Build.0 = Release|Any CPU
		{0610391D-43C3-48B9-A3A6-8CB57E923563}.Release|x86.ActiveCfg = Release|Any CPU
		{0610391D-43C3-48B9-A3A6-8CB57E923563}.Release|x86.Build.0 = Release|Any CPU
		{6EF33276-32AA-4A10-A0DC-CF0795042775}.Debug|Any CPU.ActiveCfg = Debug|Any CPU
		{6EF33276-32AA-4A10-A0DC-CF0795042775}.Debug|Any CPU.Build.0 = Debug|Any CPU
		{6EF33276-32AA-4A10-A0DC-CF0795042775}.Debug|x64.ActiveCfg = Debug|Any CPU
		{6EF33276-32AA-4A10-A0DC-CF0795042775}.Debug|x64.Build.0 = Debug|Any CPU
		{6EF33276-32AA-4A10-A0DC-CF0795042775}.Debug|x86.ActiveCfg = Debug|Any CPU
		{6EF33276-32AA-4A10-A0DC-CF0795042775}.Debug|x86.Build.0 = Debug|Any CPU
		{6EF33276-32AA-4A10-A0DC-CF0795042775}.Release|Any CPU.ActiveCfg = Release|Any CPU
		{6EF33276-32AA-4A10-A0DC-CF0795042775}.Release|Any CPU.Build.0 = Release|Any CPU
		{6EF33276-32AA-4A10-A0DC-CF0795042775}.Release|x64.ActiveCfg = Release|Any CPU
		{6EF33276-32AA-4A10-A0DC-CF0795042775}.Release|x64.Build.0 = Release|Any CPU
		{6EF33276-32AA-4A10-A0DC-CF0795042775}.Release|x86.ActiveCfg = Release|Any CPU
		{6EF33276-32AA-4A10-A0DC-CF0795042775}.Release|x86.Build.0 = Release|Any CPU
		{44748026-C941-41CA-BFE5-935157F88471}.Debug|Any CPU.ActiveCfg = Debug|Any CPU
		{44748026-C941-41CA-BFE5-935157F88471}.Debug|Any CPU.Build.0 = Debug|Any CPU
		{44748026-C941-41CA-BFE5-935157F88471}.Debug|x64.ActiveCfg = Debug|Any CPU
		{44748026-C941-41CA-BFE5-935157F88471}.Debug|x64.Build.0 = Debug|Any CPU
		{44748026-C941-41CA-BFE5-935157F88471}.Debug|x86.ActiveCfg = Debug|Any CPU
		{44748026-C941-41CA-BFE5-935157F88471}.Debug|x86.Build.0 = Debug|Any CPU
		{44748026-C941-41CA-BFE5-935157F88471}.Release|Any CPU.ActiveCfg = Release|Any CPU
		{44748026-C941-41CA-BFE5-935157F88471}.Release|Any CPU.Build.0 = Release|Any CPU
		{44748026-C941-41CA-BFE5-935157F88471}.Release|x64.ActiveCfg = Release|Any CPU
		{44748026-C941-41CA-BFE5-935157F88471}.Release|x64.Build.0 = Release|Any CPU
		{44748026-C941-41CA-BFE5-935157F88471}.Release|x86.ActiveCfg = Release|Any CPU
		{44748026-C941-41CA-BFE5-935157F88471}.Release|x86.Build.0 = Release|Any CPU
		{C92102B0-01A1-4615-BE8F-58A7E96E4BB0}.Debug|Any CPU.ActiveCfg = Debug|Any CPU
		{C92102B0-01A1-4615-BE8F-58A7E96E4BB0}.Debug|Any CPU.Build.0 = Debug|Any CPU
		{C92102B0-01A1-4615-BE8F-58A7E96E4BB0}.Debug|x64.ActiveCfg = Debug|Any CPU
		{C92102B0-01A1-4615-BE8F-58A7E96E4BB0}.Debug|x64.Build.0 = Debug|Any CPU
		{C92102B0-01A1-4615-BE8F-58A7E96E4BB0}.Debug|x86.ActiveCfg = Debug|Any CPU
		{C92102B0-01A1-4615-BE8F-58A7E96E4BB0}.Debug|x86.Build.0 = Debug|Any CPU
		{C92102B0-01A1-4615-BE8F-58A7E96E4BB0}.Release|Any CPU.ActiveCfg = Release|Any CPU
		{C92102B0-01A1-4615-BE8F-58A7E96E4BB0}.Release|Any CPU.Build.0 = Release|Any CPU
		{C92102B0-01A1-4615-BE8F-58A7E96E4BB0}.Release|x64.ActiveCfg = Release|Any CPU
		{C92102B0-01A1-4615-BE8F-58A7E96E4BB0}.Release|x64.Build.0 = Release|Any CPU
		{C92102B0-01A1-4615-BE8F-58A7E96E4BB0}.Release|x86.ActiveCfg = Release|Any CPU
		{C92102B0-01A1-4615-BE8F-58A7E96E4BB0}.Release|x86.Build.0 = Release|Any CPU
	EndGlobalSection
	GlobalSection(SolutionProperties) = preSolution
		HideSolutionNode = FALSE
	EndGlobalSection
	GlobalSection(NestedProjects) = preSolution
		{0610391D-43C3-48B9-A3A6-8CB57E923563} = {827E0CD3-B72D-47B6-A68D-7590B98EB39B}
		{6EF33276-32AA-4A10-A0DC-CF0795042775} = {827E0CD3-B72D-47B6-A68D-7590B98EB39B}
		{44748026-C941-41CA-BFE5-935157F88471} = {827E0CD3-B72D-47B6-A68D-7590B98EB39B}
		{C92102B0-01A1-4615-BE8F-58A7E96E4BB0} = {827E0CD3-B72D-47B6-A68D-7590B98EB39B}
	EndGlobalSection
EndGlobal
